# This file is autogenerated, do not edit; changes may be undone by the next 'dep ensure'.


[[projects]]
  name = "github.com/coreos/bbolt"
  packages = ["."]
  revision = "583e8937c61f1af6513608ccc75c97b6abdf4ff9"
  version = "v1.3.0"

[[projects]]
  branch = "master"
  name = "golang.org/x/sys"
  packages = ["unix"]
  revision = "af50095a40f9041b3b38960738837185c26e9419"

[solve-meta]
  analyzer-name = "dep"
  analyzer-version = 1
  inputs-digest = "caa2626c5cdbfb2bac718ec4775819b819d3e96a635e7c33171e315bff52938b"
  solver-name = "gps-cdcl"
  solver-version = 1
